
Microsoft Visual Studio Solution File, Format Version 12.00
# Visual Studio Version 17
VisualStudioVersion = 17.6.33815.320
MinimumVisualStudioVersion = 10.0.40219.1
Project("{9A19103F-16F7-4668-BE54-9A1E7A4F7556}") = "08.12.2024", "08.12.2024.csproj", "{F972033A-40EA-47D2-BD11-06DD1F1176A1}"
EndProject
Global
	GlobalSection(SolutionConfigurationPlatforms) = preSolution
		Debug|Any CPU = Debug|Any CPU
		Release|Any CPU = Release|Any CPU
	EndGlobalSection
	GlobalSection(ProjectConfigurationPlatforms) = postSolution
		{F972033A-40EA-47D2-BD11-06DD1F1176A1}.Debug|Any CPU.ActiveCfg = Debug|Any CPU
		{F972033A-40EA-47D2-BD11-06DD1F1176A1}.Debug|Any CPU.Build.0 = Debug|Any CPU
		{F972033A-40EA-47D2-BD11-06DD1F1176A1}.Release|Any CPU.ActiveCfg = Release|Any CPU
		{F972033A-40EA-47D2-BD11-06DD1F1176A1}.Release|Any CPU.Build.0 = Release|Any CPU
	EndGlobalSection
	GlobalSection(SolutionProperties) = preSolution
		HideSolutionNode = FALSE
	EndGlobalSection
	GlobalSection(ExtensibilityGlobals) = postSolution
		SolutionGuid = {2115F580-9643-4996-B9FD-F9C42F8680A1}
	EndGlobalSection
EndGlobal
